
Microsoft Visual Studio Solution File, Format Version 12.00
# Visual Studio Version 17
VisualStudioVersion = 17.5.002.0
MinimumVisualStudioVersion = 10.0.40219.1
Project("{9A19103F-16F7-4668-BE54-9A1E7A4F7556}") = "Core", "Core\Core.csproj", "{CE250E0E-8933-4120-8F7B-2C20FEA5247B}"
EndProject
Project("{2150E333-8FDC-42A3-9474-1A3956D46DE8}") = "Infrastructure", "Infrastructure", "{C83FB3A3-9EA0-4956-A11C-394C7D8AC06A}"
EndProject
Project("{9A19103F-16F7-4668-BE54-9A1E7A4F7556}") = "Persistence", "Infrastructure\Persistence\Persistence.csproj", "{9845348B-3952-406B-B1E9-0E037C43A067}"
EndProject
Global
	GlobalSection(SolutionConfigurationPlatforms) = preSolution
		Debug|Any CPU = Debug|Any CPU
		Release|Any CPU = Release|Any CPU
	EndGlobalSection
	GlobalSection(ProjectConfigurationPlatforms) = postSolution
		{CE250E0E-8933-4120-8F7B-2C20FEA5247B}.Debug|Any CPU.ActiveCfg = Debug|Any CPU
		{CE250E0E-8933-4120-8F7B-2C20FEA5247B}.Debug|Any CPU.Build.0 = Debug|Any CPU
		{CE250E0E-8933-4120-8F7B-2C20FEA5247B}.Release|Any CPU.ActiveCfg = Release|Any CPU
		{CE250E0E-8933-4120-8F7B-2C20FEA5247B}.Release|Any CPU.Build.0 = Release|Any CPU
		{9845348B-3952-406B-B1E9-0E037C43A067}.Debug|Any CPU.ActiveCfg = Debug|Any CPU
		{9845348B-3952-406B-B1E9-0E037C43A067}.Debug|Any CPU.Build.0 = Debug|Any CPU
		{9845348B-3952-406B-B1E9-0E037C43A067}.Release|Any CPU.ActiveCfg = Release|Any CPU
		{9845348B-3952-406B-B1E9-0E037C43A067}.Release|Any CPU.Build.0 = Release|Any CPU
	EndGlobalSection
	GlobalSection(SolutionProperties) = preSolution
		HideSolutionNode = FALSE
	EndGlobalSection
	GlobalSection(NestedProjects) = preSolution
		{9845348B-3952-406B-B1E9-0E037C43A067} = {C83FB3A3-9EA0-4956-A11C-394C7D8AC06A}
	EndGlobalSection
	GlobalSection(ExtensibilityGlobals) = postSolution
		SolutionGuid = {0CA1152A-01DB-456C-A160-025563569453}
	EndGlobalSection
EndGlobal
